// !$*UTF8*$!
{
	archiveVersion = 1;
	classes = {
	};
	objectVersion = 46;
	objects = {

/* Begin PBXBuildFile section */
		4890FCE61A7058C600AF28A9 /* AppDelegate.swift in Sources */ = {isa = PBXBuildFile; fileRef = 4890FCE51A7058C600AF28A9 /* AppDelegate.swift */; };
		4890FCE81A7058C600AF28A9 /* ViewController.swift in Sources */ = {isa = PBXBuildFile; fileRef = 4890FCE71A7058C600AF28A9 /* ViewController.swift */; };
		4890FCEB1A7058C600AF28A9 /* Main.storyboard in Resources */ = {isa = PBXBuildFile; fileRef = 4890FCE91A7058C600AF28A9 /* Main.storyboard */; };
		4890FCED1A7058C600AF28A9 /* Images.xcassets in Resources */ = {isa = PBXBuildFile; fileRef = 4890FCEC1A7058C600AF28A9 /* Images.xcassets */; };
		4890FCF01A7058C600AF28A9 /* LaunchScreen.xib in Resources */ = {isa = PBXBuildFile; fileRef = 4890FCEE1A7058C600AF28A9 /* LaunchScreen.xib */; };
		4890FCFC1A7058C600AF28A9 /* crumbsTestTests.swift in Sources */ = {isa = PBXBuildFile; fileRef = 4890FCFB1A7058C600AF28A9 /* crumbsTestTests.swift */; };
		4890FD061A705CB300AF28A9 /* MapKit.framework in Frameworks */ = {isa = PBXBuildFile; fileRef = 4890FD051A705CB300AF28A9 /* MapKit.framework */; };
/* End PBXBuildFile section */

/* Begin PBXContainerItemProxy section */
		4890FCF61A7058C600AF28A9 /* PBXContainerItemProxy */ = {
			isa = PBXContainerItemProxy;
			containerPortal = 4890FCD81A7058C600AF28A9 /* Project object */;
			proxyType = 1;
			remoteGlobalIDString = 4890FCDF1A7058C600AF28A9;
			remoteInfo = crumbsTest;
		};
/* End PBXContainerItemProxy section */

/* Begin PBXFileReference section */
		4890FCE01A7058C600AF28A9 /* crumbsTest.app */ = {isa = PBXFileReference; explicitFileType = wrapper.application; includeInIndex = 0; path = crumbsTest.app; sourceTree = BUILT_PRODUCTS_DIR; };
		4890FCE41A7058C600AF28A9 /* Info.plist */ = {isa = PBXFileReference; lastKnownFileType = text.plist.xml; path = Info.plist; sourceTree = "<group>"; };
		4890FCE51A7058C600AF28A9 /* AppDelegate.swift */ = {isa = PBXFileReference; lastKnownFileType = sourcecode.swift; path = AppDelegate.swift; sourceTree = "<group>"; };
		4890FCE71A7058C600AF28A9 /* ViewController.swift */ = {isa = PBXFileReference; lastKnownFileType = sourcecode.swift; path = ViewController.swift; sourceTree = "<group>"; };
		4890FCEA1A7058C600AF28A9 /* Base */ = {isa = PBXFileReference; lastKnownFileType = file.storyboard; name = Base; path = Base.lproj/Main.storyboard; sourceTree = "<group>"; };
		4890FCEC1A7058C600AF28A9 /* Images.xcassets */ = {isa = PBXFileReference; lastKnownFileType = folder.assetcatalog; path = Images.xcassets; sourceTree = "<group>"; };
		4890FCEF1A7058C600AF28A9 /* Base */ = {isa = PBXFileReference; lastKnownFileType = file.xib; name = Base; path = Base.lproj/LaunchScreen.xib; sourceTree = "<group>"; };
		4890FCF51A7058C600AF28A9 /* crumbsTestTests.xctest */ = {isa = PBXFileReference; explicitFileType = wrapper.cfbundle; includeInIndex = 0; path = crumbsTestTests.xctest; sourceTree = BUILT_PRODUCTS_DIR; };
		4890FCFA1A7058C600AF28A9 /* Info.plist */ = {isa = PBXFileReference; lastKnownFileType = text.plist.xml; path = Info.plist; sourceTree = "<group>"; };
		4890FCFB1A7058C600AF28A9 /* crumbsTestTests.swift */ = {isa = PBXFileReference; lastKnownFileType = sourcecode.swift; path = crumbsTestTests.swift; sourceTree = "<group>"; };
		4890FD051A705CB300AF28A9 /* MapKit.framework */ = {isa = PBXFileReference; lastKnownFileType = wrapper.framework; name = MapKit.framework; path = System/Library/Frameworks/MapKit.framework; sourceTree = SDKROOT; };
/* End PBXFileReference section */

/* Begin PBXFrameworksBuildPhase section */
		4890FCDD1A7058C600AF28A9 /* Frameworks */ = {
			isa = PBXFrameworksBuildPhase;
			buildActionMask = 2147483647;
			files = (
				4890FD061A705CB300AF28A9 /* MapKit.framework in Frameworks */,
			);
			runOnlyForDeploymentPostprocessing = 0;
		};
		4890FCF21A7058C600AF28A9 /* Frameworks */ = {
			isa = PBXFrameworksBuildPhase;
			buildActionMask = 2147483647;
			files = (
			);
			runOnlyForDeploymentPostprocessing = 0;
		};
/* End PBXFrameworksBuildPhase section */

/* Begin PBXGroup section */
		4890FCD71A7058C600AF28A9 = {
			isa = PBXGroup;
			children = (
				4890FD051A705CB300AF28A9 /* MapKit.framework */,
				4890FCE21A7058C600AF28A9 /* crumbsTest */,
				4890FCF81A7058C600AF28A9 /* crumbsTestTests */,
				4890FCE11A7058C600AF28A9 /* Products */,
			);
			sourceTree = "<group>";
		};
		4890FCE11A7058C600AF28A9 /* Products */ = {
			isa = PBXGroup;
			children = (
				4890FCE01A7058C600AF28A9 /* crumbsTest.app */,
				4890FCF51A7058C600AF28A9 /* crumbsTestTests.xctest */,
			);
			name = Products;
			sourceTree = "<group>";
		};
		4890FCE21A7058C600AF28A9 /* crumbsTest */ = {
			isa = PBXGroup;
			children = (
				4890FCE51A7058C600AF28A9 /* AppDelegate.swift */,
				4890FCE71A7058C600AF28A9 /* ViewController.swift */,
				4890FCE91A7058C600AF28A9 /* Main.storyboard */,
				4890FCEC1A7058C600AF28A9 /* Images.xcassets */,
				4890FCEE1A7058C600AF28A9 /* LaunchScreen.xib */,
				4890FCE31A7058C600AF28A9 /* Supporting Files */,
			);
			path = crumbsTest;
			sourceTree = "<group>";
		};
		4890FCE31A7058C600AF28A9 /* Supporting Files */ = {
			isa = PBXGroup;
			children = (
				4890FCE41A7058C600AF28A9 /* Info.plist */,
			);
			name = "Supporting Files";
			sourceTree = "<group>";
		};
		4890FCF81A7058C600AF28A9 /* crumbsTestTests */ = {
			isa = PBXGroup;
			children = (
				4890FCFB1A7058C600AF28A9 /* crumbsTestTests.swift */,
				4890FCF91A7058C600AF28A9 /* Supporting Files */,
			);
			path = crumbsTestTests;
			sourceTree = "<group>";
		};
		4890FCF91A7058C600AF28A9 /* Supporting Files */ = {
			isa = PBXGroup;
			children = (
				4890FCFA1A7058C600AF28A9 /* Info.plist */,
			);
			name = "Supporting Files";
			sourceTree = "<group>";
		};
/* End PBXGroup section */

/* Begin PBXNativeTarget section */
		4890FCDF1A7058C600AF28A9 /* crumbsTest */ = {
			isa = PBXNativeTarget;
			buildConfigurationList = 4890FCFF1A7058C600AF28A9 /* Build configuration list for PBXNativeTarget "crumbsTest" */;
			buildPhases = (
				4890FCDC1A7058C600AF28A9 /* Sources */,
				4890FCDD1A7058C600AF28A9 /* Frameworks */,
				4890FCDE1A7058C600AF28A9 /* Resources */,
			);
			buildRules = (
			);
			dependencies = (
			);
			name = crumbsTest;
			productName = crumbsTest;
			productReference = 4890FCE01A7058C600AF28A9 /* crumbsTest.app */;
			productType = "com.apple.product-type.application";
		};
		4890FCF41A7058C600AF28A9 /* crumbsTestTests */ = {
			isa = PBXNativeTarget;
			buildConfigurationList = 4890FD021A7058C600AF28A9 /* Build configuration list for PBXNativeTarget "crumbsTestTests" */;
			buildPhases = (
				4890FCF11A7058C600AF28A9 /* Sources */,
				4890FCF21A7058C600AF28A9 /* Frameworks */,
				4890FCF31A7058C600AF28A9 /* Resources */,
			);
			buildRules = (
			);
			dependencies = (
				4890FCF71A7058C600AF28A9 /* PBXTargetDependency */,
			);
			name = crumbsTestTests;
			productName = crumbsTestTests;
			productReference = 4890FCF51A7058C600AF28A9 /* crumbsTestTests.xctest */;
			productType = "com.apple.product-type.bundle.unit-test";
		};
/* End PBXNativeTarget section */

/* Begin PBXProject section */
		4890FCD81A7058C600AF28A9 /* Project object */ = {
			isa = PBXProject;
			attributes = {
				LastUpgradeCheck = 0610;
				ORGANIZATIONNAME = "Christopher Trevino";
				TargetAttributes = {
					4890FCDF1A7058C600AF28A9 = {
						CreatedOnToolsVersion = 6.1.1;
					};
					4890FCF41A7058C600AF28A9 = {
						CreatedOnToolsVersion = 6.1.1;
						TestTargetID = 4890FCDF1A7058C600AF28A9;
					};
				};
			};
			buildConfigurationList = 4890FCDB1A7058C600AF28A9 /* Build configuration list for PBXProject "crumbsTest" */;
			compatibilityVersion = "Xcode 3.2";
			developmentRegion = English;
			hasScannedForEncodings = 0;
			knownRegions = (
				en,
				Base,
			);
			mainGroup = 4890FCD71A7058C600AF28A9;
			productRefGroup = 4890FCE11A7058C600AF28A9 /* Products */;
			projectDirPath = "";
			projectRoot = "";
			targets = (
				4890FCDF1A7058C600AF28A9 /* crumbsTest */,
				4890FCF41A7058C600AF28A9 /* crumbsTestTests */,
			);
		};
/* End PBXProject section */

/* Begin PBXResourcesBuildPhase section */
		4890FCDE1A7058C600AF28A9 /* Resources */ = {
			isa = PBXResourcesBuildPhase;
			buildActionMask = 2147483647;
			files = (
				4890FCEB1A7058C600AF28A9 /* Main.storyboard in Resources */,
				4890FCF01A7058C600AF28A9 /* LaunchScreen.xib in Resources */,
				4890FCED1A7058C600AF28A9 /* Images.xcassets in Resources */,
			);
			runOnlyForDeploymentPostprocessing = 0;
		};
		4890FCF31A7058C600AF28A9 /* Resources */ = {
			isa = PBXResourcesBuildPhase;
			buildActionMask = 2147483647;
			files = (
			);
			runOnlyForDeploymentPostprocessing = 0;
		};
/* End PBXResourcesBuildPhase section */

/* Begin PBXSourcesBuildPhase section */
		4890FCDC1A7058C600AF28A9 /* Sources */ = {
			isa = PBXSourcesBuildPhase;
			buildActionMask = 2147483647;
			files = (
				4890FCE81A7058C600AF28A9 /* ViewController.swift in Sources */,
				4890FCE61A7058C600AF28A9 /* AppDelegate.swift in Sources */,
			);
			runOnlyForDeploymentPostprocessing = 0;
		};
		4890FCF11A7058C600AF28A9 /* Sources */ = {
			isa = PBXSourcesBuildPhase;
			buildActionMask = 2147483647;
			files = (
				4890FCFC1A7058C600AF28A9 /* crumbsTestTests.swift in Sources */,
			);
			runOnlyForDeploymentPostprocessing = 0;
		};
/* End PBXSourcesBuildPhase section */

/* Begin PBXTargetDependency section */
		4890FCF71A7058C600AF28A9 /* PBXTargetDependency */ = {
			isa = PBXTargetDependency;
			target = 4890FCDF1A7058C600AF28A9 /* crumbsTest */;
			targetProxy = 4890FCF61A7058C600AF28A9 /* PBXContainerItemProxy */;
		};
/* End PBXTargetDependency section */

/* Begin PBXVariantGroup section */
		4890FCE91A7058C600AF28A9 /* Main.storyboard */ = {
			isa = PBXVariantGroup;
			children = (
				4890FCEA1A7058C600AF28A9 /* Base */,
			);
			name = Main.storyboard;
			sourceTree = "<group>";
		};
		4890FCEE1A7058C600AF28A9 /* LaunchScreen.xib */ = {
			isa = PBXVariantGroup;
			children = (
				4890FCEF1A7058C600AF28A9 /* Base */,
			);
			name = LaunchScreen.xib;
			sourceTree = "<group>";
		};
/* End PBXVariantGroup section */

/* Begin XCBuildConfiguration section */
		4890FCFD1A7058C600AF28A9 /* Debug */ = {
			isa = XCBuildConfiguration;
			buildSettings = {
				ALWAYS_SEARCH_USER_PATHS = NO;
				CLANG_CXX_LANGUAGE_STANDARD = "gnu++0x";
				CLANG_CXX_LIBRARY = "libc++";
				CLANG_ENABLE_MODULES = YES;
				CLANG_ENABLE_OBJC_ARC = YES;
				CLANG_WARN_BOOL_CONVERSION = YES;
				CLANG_WARN_CONSTANT_CONVERSION = YES;
				CLANG_WARN_DIRECT_OBJC_ISA_USAGE = YES_ERROR;
				CLANG_WARN_EMPTY_BODY = YES;
				CLANG_WARN_ENUM_CONVERSION = YES;
				CLANG_WARN_INT_CONVERSION = YES;
				CLANG_WARN_OBJC_ROOT_CLASS = YES_ERROR;
				CLANG_WARN_UNREACHABLE_CODE = YES;
				CLANG_WARN__DUPLICATE_METHOD_MATCH = YES;
				"CODE_SIGN_IDENTITY[sdk=iphoneos*]" = "iPhone Developer";
				COPY_PHASE_STRIP = NO;
				ENABLE_STRICT_OBJC_MSGSEND = YES;
				GCC_C_LANGUAGE_STANDARD = gnu99;
				GCC_DYNAMIC_NO_PIC = NO;
				GCC_OPTIMIZATION_LEVEL = 0;
				GCC_PREPROCESSOR_DEFINITIONS = (
					"DEBUG=1",
					"$(inherited)",
				);
				GCC_SYMBOLS_PRIVATE_EXTERN = NO;
				GCC_WARN_64_TO_32_BIT_CONVERSION = YES;
				GCC_WARN_ABOUT_RETURN_TYPE = YES_ERROR;
				GCC_WARN_UNDECLARED_SELECTOR = YES;
				GCC_WARN_UNINITIALIZED_AUTOS = YES_AGGRESSIVE;
				GCC_WARN_UNUSED_FUNCTION = YES;
				GCC_WARN_UNUSED_VARIABLE = YES;
				IPHONEOS_DEPLOYMENT_TARGET = 8.1;
				MTL_ENABLE_DEBUG_INFO = YES;
				ONLY_ACTIVE_ARCH = YES;
				SDKROOT = iphoneos;
				SWIFT_OPTIMIZATION_LEVEL = "-Onone";
			};
			name = Debug;
		};
		4890FCFE1A7058C600AF28A9 /* Release */ = {
			isa = XCBuildConfiguration;
			buildSettings = {
				ALWAYS_SEARCH_USER_PATHS = NO;
				CLANG_CXX_LANGUAGE_STANDARD = "gnu++0x";
				CLANG_CXX_LIBRARY = "libc++";
				CLANG_ENABLE_MODULES = YES;
				CLANG_ENABLE_OBJC_ARC = YES;
				CLANG_WARN_BOOL_CONVERSION = YES;
				CLANG_WARN_CONSTANT_CONVERSION = YES;
				CLANG_WARN_DIRECT_OBJC_ISA_USAGE = YES_ERROR;
				CLANG_WARN_EMPTY_BODY = YES;
				CLANG_WARN_ENUM_CONVERSION = YES;
				CLANG_WARN_INT_CONVERSION = YES;
				CLANG_WARN_OBJC_ROOT_CLASS = YES_ERROR;
				CLANG_WARN_UNREACHABLE_CODE = YES;
				CLANG_WARN__DUPLICATE_METHOD_MATCH = YES;
				"CODE_SIGN_IDENTITY[sdk=iphoneos*]" = "iPhone Developer";
				COPY_PHASE_STRIP = YES;
				ENABLE_NS_ASSERTIONS = NO;
				ENABLE_STRICT_OBJC_MSGSEND = YES;
				GCC_C_LANGUAGE_STANDARD = gnu99;
				GCC_WARN_64_TO_32_BIT_CONVERSION = YES;
				GCC_WARN_ABOUT_RETURN_TYPE = YES_ERROR;
				GCC_WARN_UNDECLARED_SELECTOR = YES;
				GCC_WARN_UNINITIALIZED_AUTOS = YES_AGGRESSIVE;
				GCC_WARN_UNUSED_FUNCTION = YES;
				GCC_WARN_UNUSED_VARIABLE = YES;
				IPHONEOS_DEPLOYMENT_TARGET = 8.1;
				MTL_ENABLE_DEBUG_INFO = NO;
				SDKROOT = iphoneos;
				VALIDATE_PRODUCT = YES;
			};
			name = Release;
		};
		4890FD001A7058C600AF28A9 /* Debug */ = {
			isa = XCBuildConfiguration;
			buildSettings = {
				ASSETCATALOG_COMPILER_APPICON_NAME = AppIcon;
				INFOPLIST_FILE = crumbsTest/Info.plist;
				LD_RUNPATH_SEARCH_PATHS = "$(inherited) @executable_path/Frameworks";
				PRODUCT_NAME = "$(TARGET_NAME)";
			};
			name = Debug;
		};
		4890FD011A7058C600AF28A9 /* Release */ = {
			isa = XCBuildConfiguration;
			buildSettings = {
				ASSETCATALOG_COMPILER_APPICON_NAME = AppIcon;
				INFOPLIST_FILE = crumbsTest/Info.plist;
				LD_RUNPATH_SEARCH_PATHS = "$(inherited) @executable_path/Frameworks";
				PRODUCT_NAME = "$(TARGET_NAME)";
			};
			name = Release;
		};
		4890FD031A7058C600AF28A9 /* Debug */ = {
			isa = XCBuildConfiguration;
			buildSettings = {
				BUNDLE_LOADER = "$(TEST_HOST)";
				FRAMEWORK_SEARCH_PATHS = (
					"$(SDKROOT)/Developer/Library/Frameworks",
					"$(inherited)",
				);
				GCC_PREPROCESSOR_DEFINITIONS = (
					"DEBUG=1",
					"$(inherited)",
				);
				INFOPLIST_FILE = crumbsTestTests/Info.plist;
				LD_RUNPATH_SEARCH_PATHS = "$(inherited) @executable_path/Frameworks @loader_path/Frameworks";
				PRODUCT_NAME = "$(TARGET_NAME)";
				TEST_HOST = "$(BUILT_PRODUCTS_DIR)/crumbsTest.app/crumbsTest";
			};
			name = Debug;
		};
		4890FD041A7058C600AF28A9 /* Release */ = {
			isa = XCBuildConfiguration;
			buildSettings = {
				BUNDLE_LOADER = "$(TEST_HOST)";
				FRAMEWORK_SEARCH_PATHS = (
					"$(SDKROOT)/Developer/Library/Frameworks",
					"$(inherited)",
				);
				INFOPLIST_FILE = crumbsTestTests/Info.plist;
				LD_RUNPATH_SEARCH_PATHS = "$(inherited) @executable_path/Frameworks @loader_path/Frameworks";
				PRODUCT_NAME = "$(TARGET_NAME)";
				TEST_HOST = "$(BUILT_PRODUCTS_DIR)/crumbsTest.app/crumbsTest";
			};
			name = Release;
		};
/* End XCBuildConfiguration section */

/* Begin XCConfigurationList section */
		4890FCDB1A7058C600AF28A9 /* Build configuration list for PBXProject "crumbsTest" */ = {
			isa = XCConfigurationList;
			buildConfigurations = (
				4890FCFD1A7058C600AF28A9 /* Debug */,
				4890FCFE1A7058C600AF28A9 /* Release */,
			);
			defaultConfigurationIsVisible = 0;
			defaultConfigurationName = Release;
		};
		4890FCFF1A7058C600AF28A9 /* Build configuration list for PBXNativeTarget "crumbsTest" */ = {
			isa = XCConfigurationList;
			buildConfigurations = (
				4890FD001A7058C600AF28A9 /* Debug */,
				4890FD011A7058C600AF28A9 /* Release */,
			);
			defaultConfigurationIsVisible = 0;
		};
		4890FD021A7058C600AF28A9 /* Build configuration list for PBXNativeTarget "crumbsTestTests" */ = {
			isa = XCConfigurationList;
			buildConfigurations = (
				4890FD031A7058C600AF28A9 /* Debug */,
				4890FD041A7058C600AF28A9 /* Release */,
			);
			defaultConfigurationIsVisible = 0;
		};
/* End XCConfigurationList section */
	};
	rootObject = 4890FCD81A7058C600AF28A9 /* Project object */;
}
